
Microsoft Visual Studio Solution File, Format Version 12.00
# Visual Studio 15
VisualStudioVersion = 15.0.28307.1231
MinimumVisualStudioVersion = 10.0.40219.1
Project("{FAE04EC0-301F-11D3-BF4B-00C04F79EFBC}") = "HuntJackHelloWorld", "HuntJackHelloWorld\HuntJackHelloWorld.csproj", "{37F06655-8D4D-4167-8B8F-6CED50FF1E6F}"
EndProject
Global
	GlobalSection(SolutionConfigurationPlatforms) = preSolution
		Debug|Any CPU = Debug|Any CPU
		Release|Any CPU = Release|Any CPU
	EndGlobalSection
	GlobalSection(ProjectConfigurationPlatforms) = postSolution
		{37F06655-8D4D-4167-8B8F-6CED50FF1E6F}.Debug|Any CPU.ActiveCfg = Debug|Any CPU
		{37F06655-8D4D-4167-8B8F-6CED50FF1E6F}.Debug|Any CPU.Build.0 = Debug|Any CPU
		{37F06655-8D4D-4167-8B8F-6CED50FF1E6F}.Release|Any CPU.ActiveCfg = Release|Any CPU
		{37F06655-8D4D-4167-8B8F-6CED50FF1E6F}.Release|Any CPU.Build.0 = Release|Any CPU
	EndGlobalSection
	GlobalSection(SolutionProperties) = preSolution
		HideSolutionNode = FALSE
	EndGlobalSection
	GlobalSection(ExtensibilityGlobals) = postSolution
		SolutionGuid = {020D90F5-C13C-49BE-8152-DD592419BA94}
	EndGlobalSection
EndGlobal
